
Microsoft Visual Studio Solution File, Format Version 12.00
# Visual Studio Version 16
VisualStudioVersion = 16.0.30309.148
MinimumVisualStudioVersion = 10.0.40219.1
Project("{9A19103F-16F7-4668-BE54-9A1E7A4F7556}") = "BuyLowSellHigh.Tests", "BuyLowSellHigh.Tests\BuyLowSellHigh.Tests.csproj", "{C758DBF4-B257-408F-8ADF-5F6048AA8A09}"
EndProject
Project("{9A19103F-16F7-4668-BE54-9A1E7A4F7556}") = "BuyLowSellHigh", "..\BuyLowSellHigh\BuyLowSellHigh.csproj", "{64D46AD4-B068-4164-AF6E-E22644B54098}"
EndProject
Global
	GlobalSection(SolutionConfigurationPlatforms) = preSolution
		Debug|Any CPU = Debug|Any CPU
		Release|Any CPU = Release|Any CPU
	EndGlobalSection
	GlobalSection(ProjectConfigurationPlatforms) = postSolution
		{C758DBF4-B257-408F-8ADF-5F6048AA8A09}.Debug|Any CPU.ActiveCfg = Debug|Any CPU
		{C758DBF4-B257-408F-8ADF-5F6048AA8A09}.Debug|Any CPU.Build.0 = Debug|Any CPU
		{C758DBF4-B257-408F-8ADF-5F6048AA8A09}.Release|Any CPU.ActiveCfg = Release|Any CPU
		{C758DBF4-B257-408F-8ADF-5F6048AA8A09}.Release|Any CPU.Build.0 = Release|Any CPU
		{64D46AD4-B068-4164-AF6E-E22644B54098}.Debug|Any CPU.ActiveCfg = Debug|Any CPU
		{64D46AD4-B068-4164-AF6E-E22644B54098}.Debug|Any CPU.Build.0 = Debug|Any CPU
		{64D46AD4-B068-4164-AF6E-E22644B54098}.Release|Any CPU.ActiveCfg = Release|Any CPU
		{64D46AD4-B068-4164-AF6E-E22644B54098}.Release|Any CPU.Build.0 = Release|Any CPU
	EndGlobalSection
	GlobalSection(SolutionProperties) = preSolution
		HideSolutionNode = FALSE
	EndGlobalSection
	GlobalSection(ExtensibilityGlobals) = postSolution
		SolutionGuid = {A5290AA1-60F7-4042-8F65-0A1FE97E79CE}
	EndGlobalSection
EndGlobal
